{
  "version": 4,
  "terraform_version": "1.2.4",
  "serial": 22,
  "lineage": "0723568d-e5ef-03ba-b117-1ff58bafa9a2",
  "outputs": {},
  "resources": [
    {
      "module": "module.gcp-services",
      "mode": "managed",
      "type": "google_compute_firewall",
      "name": "ssh-server",
      "provider": "provider[\"registry.terraform.io/hashicorp/google\"]",
      "instances": [
        {
          "schema_version": 1,
          "attributes": {
            "allow": [
              {
                "ports": [
                  "22"
                ],
                "protocol": "tcp"
              }
            ],
            "creation_timestamp": "2022-12-12T06:36:00.881-08:00",
            "deny": [],
            "description": "",
            "destination_ranges": [],
            "direction": "INGRESS",
            "disabled": false,
            "enable_logging": null,
            "id": "projects/hallowed-oven-369407/global/firewalls/allow-ssh",
            "log_config": [],
            "name": "allow-ssh",
            "network": "https://www.googleapis.com/compute/v1/projects/hallowed-oven-369407/global/networks/gcp-cloud-network",
            "priority": 1000,
            "project": "hallowed-oven-369407",
            "self_link": "https://www.googleapis.com/compute/v1/projects/hallowed-oven-369407/global/firewalls/allow-ssh",
            "source_ranges": [
              "0.0.0.0/0"
            ],
            "source_service_accounts": [],
            "source_tags": [],
            "target_service_accounts": [],
            "target_tags": [
              "ssh-server"
            ],
            "timeouts": null
          },
          "sensitive_attributes": [],
          "private": "eyJlMmJmYjczMC1lY2FhLTExZTYtOGY4OC0zNDM2M2JjN2M0YzAiOnsiY3JlYXRlIjoxMjAwMDAwMDAwMDAwLCJkZWxldGUiOjEyMDAwMDAwMDAwMDAsInVwZGF0ZSI6MTIwMDAwMDAwMDAwMH0sInNjaGVtYV92ZXJzaW9uIjoiMSJ9",
          "dependencies": [
            "module.gcp-services.google_compute_network.vpc"
          ]
        }
      ]
    },
    {
      "module": "module.gcp-services",
      "mode": "managed",
      "type": "google_compute_global_address",
      "name": "private_ip_address",
      "provider": "provider[\"registry.terraform.io/hashicorp/google-beta\"]",
      "instances": [
        {
          "schema_version": 0,
          "attributes": {
            "address": "10.248.0.0",
            "address_type": "INTERNAL",
            "creation_timestamp": "2022-12-12T06:46:09.090-08:00",
            "description": "",
            "id": "projects/hallowed-oven-369407/global/addresses/private-ip-address",
            "ip_version": "",
            "label_fingerprint": "42WmSpB8rSM=",
            "labels": null,
            "name": "private-ip-address",
            "network": "https://www.googleapis.com/compute/v1/projects/hallowed-oven-369407/global/networks/gcp-cloud-network",
            "prefix_length": 16,
            "project": "hallowed-oven-369407",
            "purpose": "VPC_PEERING",
            "self_link": "https://www.googleapis.com/compute/v1/projects/hallowed-oven-369407/global/addresses/private-ip-address",
            "timeouts": null
          },
          "sensitive_attributes": [],
          "private": "eyJlMmJmYjczMC1lY2FhLTExZTYtOGY4OC0zNDM2M2JjN2M0YzAiOnsiY3JlYXRlIjoxMjAwMDAwMDAwMDAwLCJkZWxldGUiOjEyMDAwMDAwMDAwMDAsInVwZGF0ZSI6MTIwMDAwMDAwMDAwMH19",
          "dependencies": [
            "module.gcp-services.google_compute_network.vpc"
          ]
        }
      ]
    },
    {
      "module": "module.gcp-services",
      "mode": "managed",
      "type": "google_compute_instance",
      "name": "vm_instance",
      "provider": "provider[\"registry.terraform.io/hashicorp/google\"]",
      "instances": [
        {
          "schema_version": 6,
          "attributes": {
            "advanced_machine_features": [],
            "allow_stopping_for_update": null,
            "attached_disk": [],
            "boot_disk": [
              {
                "auto_delete": true,
                "device_name": "persistent-disk-0",
                "disk_encryption_key_raw": "",
                "disk_encryption_key_sha256": "",
                "initialize_params": [
                  {
                    "image": "https://www.googleapis.com/compute/v1/projects/ubuntu-os-cloud/global/images/ubuntu-2004-focal-v20210415",
                    "labels": {},
                    "size": 10,
                    "type": "pd-standard"
                  }
                ],
                "kms_key_self_link": "",
                "mode": "READ_WRITE",
                "source": "https://www.googleapis.com/compute/v1/projects/hallowed-oven-369407/zones/us-central1-a/disks/terraform-instance"
              }
            ],
            "can_ip_forward": false,
            "confidential_instance_config": [],
            "cpu_platform": "Intel Haswell",
            "current_status": "RUNNING",
            "deletion_protection": false,
            "description": "",
            "desired_status": null,
            "enable_display": false,
            "guest_accelerator": [],
            "hostname": "",
            "id": "projects/hallowed-oven-369407/zones/us-central1-a/instances/terraform-instance",
            "instance_id": "5363745790247993998",
            "label_fingerprint": "42WmSpB8rSM=",
            "labels": {},
            "machine_type": "f1-micro",
            "metadata": {
              "sshKeys": "test:ssh-rsa AAAAB3NzaC1yc2EAAAADAQABAAABAQCkATE25XE1YHv1GCy1uPjWH3ljvjjtuP6TjhYBdDBtWwEybn8P0V05We9lxy5YBL4ZmxpLmy1pgKFYimln4T4wlHmLfbv/ii2Xik9siPXzDKwaEwpiiyJBpJnBjT3lJvCJaYESaAIjr7o8BXx8aJ7AKKTnxBs4msF9dlpqNVWItGrUObmxAQr7wajXu4kHlDcRc5H5qQJ0x7lwx9fR2CBtbPv5a05GcVOwI9biyntU1hucg8eWE3uc8F0k+4B4J6lqonXqOsPs4smrdGikaeC8/toJXjELkEajp+67VV32Fnn0e+3U+018uHMTMqFmeNJkWMhfdI6G4kEYp8zBM/cr bhargavi.1899@gmail.com"
            },
            "metadata_fingerprint": "a28U2krq3Nc=",
            "metadata_startup_script": null,
            "min_cpu_platform": "",
            "name": "terraform-instance",
            "network_interface": [
              {
                "access_config": [
                  {
                    "nat_ip": "34.133.241.193",
                    "network_tier": "PREMIUM",
                    "public_ptr_domain_name": ""
                  }
                ],
                "alias_ip_range": [],
                "ipv6_access_config": [],
                "ipv6_access_type": "",
                "name": "nic0",
                "network": "https://www.googleapis.com/compute/v1/projects/hallowed-oven-369407/global/networks/gcp-cloud-network",
                "network_ip": "10.0.0.2",
                "nic_type": "",
                "queue_count": 0,
                "stack_type": "IPV4_ONLY",
                "subnetwork": "https://www.googleapis.com/compute/v1/projects/hallowed-oven-369407/regions/us-central1/subnetworks/public-subnet",
                "subnetwork_project": "hallowed-oven-369407"
              }
            ],
            "project": "hallowed-oven-369407",
            "reservation_affinity": [],
            "resource_policies": [],
            "scheduling": [
              {
                "automatic_restart": true,
                "instance_termination_action": "",
                "min_node_cpus": 0,
                "node_affinities": [],
                "on_host_maintenance": "MIGRATE",
                "preemptible": false,
                "provisioning_model": "STANDARD"
              }
            ],
            "scratch_disk": [],
            "self_link": "https://www.googleapis.com/compute/v1/projects/hallowed-oven-369407/zones/us-central1-a/instances/terraform-instance",
            "service_account": [],
            "shielded_instance_config": [
              {
                "enable_integrity_monitoring": true,
                "enable_secure_boot": false,
                "enable_vtpm": true
              }
            ],
            "tags": [
              "ssh-server"
            ],
            "tags_fingerprint": "C1rDAq8yb_M=",
            "timeouts": null,
            "zone": "us-central1-a"
          },
          "sensitive_attributes": [],
          "private": "eyJlMmJmYjczMC1lY2FhLTExZTYtOGY4OC0zNDM2M2JjN2M0YzAiOnsiY3JlYXRlIjoxMjAwMDAwMDAwMDAwLCJkZWxldGUiOjEyMDAwMDAwMDAwMDAsInVwZGF0ZSI6MTIwMDAwMDAwMDAwMH0sInNjaGVtYV92ZXJzaW9uIjoiNiJ9",
          "dependencies": [
            "module.gcp-services.google_compute_network.vpc",
            "module.gcp-services.google_compute_subnetwork.subnets"
          ]
        }
      ]
    },
    {
      "module": "module.gcp-services",
      "mode": "managed",
      "type": "google_compute_network",
      "name": "vpc",
      "provider": "provider[\"registry.terraform.io/hashicorp/google\"]",
      "instances": [
        {
          "schema_version": 0,
          "attributes": {
            "auto_create_subnetworks": false,
            "delete_default_routes_on_create": false,
            "description": "",
            "enable_ula_internal_ipv6": false,
            "gateway_ipv4": "",
            "id": "projects/hallowed-oven-369407/global/networks/gcp-cloud-network",
            "internal_ipv6_range": "",
            "mtu": 1460,
            "name": "gcp-cloud-network",
            "project": "hallowed-oven-369407",
            "routing_mode": "REGIONAL",
            "self_link": "https://www.googleapis.com/compute/v1/projects/hallowed-oven-369407/global/networks/gcp-cloud-network",
            "timeouts": null
          },
          "sensitive_attributes": [],
          "private": "eyJlMmJmYjczMC1lY2FhLTExZTYtOGY4OC0zNDM2M2JjN2M0YzAiOnsiY3JlYXRlIjoxMjAwMDAwMDAwMDAwLCJkZWxldGUiOjEyMDAwMDAwMDAwMDAsInVwZGF0ZSI6MTIwMDAwMDAwMDAwMH19"
        }
      ]
    },
    {
      "module": "module.gcp-services",
      "mode": "managed",
      "type": "google_compute_subnetwork",
      "name": "subnets",
      "provider": "provider[\"registry.terraform.io/hashicorp/google\"]",
      "instances": [
        {
          "index_key": 0,
          "schema_version": 0,
          "attributes": {
            "creation_timestamp": "2022-12-12T06:36:00.986-08:00",
            "description": "",
            "external_ipv6_prefix": "",
            "fingerprint": null,
            "gateway_address": "10.0.0.1",
            "id": "projects/hallowed-oven-369407/regions/us-central1/subnetworks/public-subnet",
            "ip_cidr_range": "10.0.0.0/24",
            "ipv6_access_type": "",
            "ipv6_cidr_range": "",
            "log_config": [],
            "name": "public-subnet",
            "network": "https://www.googleapis.com/compute/v1/projects/hallowed-oven-369407/global/networks/gcp-cloud-network",
            "private_ip_google_access": false,
            "private_ipv6_google_access": "DISABLE_GOOGLE_ACCESS",
            "project": "hallowed-oven-369407",
            "purpose": "PRIVATE",
            "region": "us-central1",
            "role": "",
            "secondary_ip_range": [],
            "self_link": "https://www.googleapis.com/compute/v1/projects/hallowed-oven-369407/regions/us-central1/subnetworks/public-subnet",
            "stack_type": "IPV4_ONLY",
            "timeouts": null
          },
          "sensitive_attributes": [],
          "private": "eyJlMmJmYjczMC1lY2FhLTExZTYtOGY4OC0zNDM2M2JjN2M0YzAiOnsiY3JlYXRlIjoxMjAwMDAwMDAwMDAwLCJkZWxldGUiOjEyMDAwMDAwMDAwMDAsInVwZGF0ZSI6MTIwMDAwMDAwMDAwMH19",
          "dependencies": [
            "module.gcp-services.google_compute_network.vpc"
          ]
        },
        {
          "index_key": 1,
          "schema_version": 0,
          "attributes": {
            "creation_timestamp": "2022-12-12T06:36:01.897-08:00",
            "description": "",
            "external_ipv6_prefix": "",
            "fingerprint": null,
            "gateway_address": "10.0.1.1",
            "id": "projects/hallowed-oven-369407/regions/us-central1/subnetworks/private-subnet",
            "ip_cidr_range": "10.0.1.0/24",
            "ipv6_access_type": "",
            "ipv6_cidr_range": "",
            "log_config": [],
            "name": "private-subnet",
            "network": "https://www.googleapis.com/compute/v1/projects/hallowed-oven-369407/global/networks/gcp-cloud-network",
            "private_ip_google_access": false,
            "private_ipv6_google_access": "DISABLE_GOOGLE_ACCESS",
            "project": "hallowed-oven-369407",
            "purpose": "PRIVATE",
            "region": "us-central1",
            "role": "",
            "secondary_ip_range": [],
            "self_link": "https://www.googleapis.com/compute/v1/projects/hallowed-oven-369407/regions/us-central1/subnetworks/private-subnet",
            "stack_type": "IPV4_ONLY",
            "timeouts": null
          },
          "sensitive_attributes": [],
          "private": "eyJlMmJmYjczMC1lY2FhLTExZTYtOGY4OC0zNDM2M2JjN2M0YzAiOnsiY3JlYXRlIjoxMjAwMDAwMDAwMDAwLCJkZWxldGUiOjEyMDAwMDAwMDAwMDAsInVwZGF0ZSI6MTIwMDAwMDAwMDAwMH19",
          "dependencies": [
            "module.gcp-services.google_compute_network.vpc"
          ]
        }
      ]
    },
    {
      "module": "module.gcp-services",
      "mode": "managed",
      "type": "google_service_networking_connection",
      "name": "private_vpc_connection",
      "provider": "provider[\"registry.terraform.io/hashicorp/google-beta\"]",
      "instances": [
        {
          "schema_version": 0,
          "attributes": {
            "id": "https%3A%2F%2Fwww.googleapis.com%2Fcompute%2Fv1%2Fprojects%2Fhallowed-oven-369407%2Fglobal%2Fnetworks%2Fgcp-cloud-network:servicenetworking.googleapis.com",
            "network": "https://www.googleapis.com/compute/v1/projects/hallowed-oven-369407/global/networks/gcp-cloud-network",
            "peering": "servicenetworking-googleapis-com",
            "reserved_peering_ranges": [
              "private-ip-address"
            ],
            "service": "servicenetworking.googleapis.com",
            "timeouts": null
          },
          "sensitive_attributes": [],
          "private": "eyJlMmJmYjczMC1lY2FhLTExZTYtOGY4OC0zNDM2M2JjN2M0YzAiOnsiY3JlYXRlIjo2MDAwMDAwMDAwMDAsImRlbGV0ZSI6NjAwMDAwMDAwMDAwLCJ1cGRhdGUiOjYwMDAwMDAwMDAwMH19",
          "dependencies": [
            "module.gcp-services.google_compute_global_address.private_ip_address",
            "module.gcp-services.google_compute_network.vpc"
          ]
        }
      ]
    },
    {
      "module": "module.gcp-services",
      "mode": "managed",
      "type": "google_sql_database",
      "name": "default",
      "provider": "provider[\"registry.terraform.io/hashicorp/google\"]",
      "instances": [
        {
          "index_key": 0,
          "schema_version": 0,
          "attributes": {
            "charset": "utf8mb4",
            "collation": "utf8mb4_general_ci",
            "deletion_policy": "ABANDON",
            "id": "projects/hallowed-oven-369407/instances/test-db/databases/default",
            "instance": "test-db",
            "name": "default",
            "project": "hallowed-oven-369407",
            "self_link": "https://sqladmin.googleapis.com/sql/v1beta4/projects/hallowed-oven-369407/instances/test-db/databases/default",
            "timeouts": null
          },
          "sensitive_attributes": [],
          "private": "eyJlMmJmYjczMC1lY2FhLTExZTYtOGY4OC0zNDM2M2JjN2M0YzAiOnsiY3JlYXRlIjoxMjAwMDAwMDAwMDAwLCJkZWxldGUiOjEyMDAwMDAwMDAwMDAsInVwZGF0ZSI6MTIwMDAwMDAwMDAwMH19",
          "dependencies": [
            "module.gcp-services.google_compute_global_address.private_ip_address",
            "module.gcp-services.google_compute_network.vpc",
            "module.gcp-services.google_service_networking_connection.private_vpc_connection",
            "module.gcp-services.google_sql_database_instance.default",
            "module.gcp-services.null_resource.module_depends_on",
            "module.gcp-services.random_id.suffix"
          ]
        }
      ]
    },
    {
      "module": "module.gcp-services",
      "mode": "managed",
      "type": "google_sql_database_instance",
      "name": "default",
      "provider": "provider[\"registry.terraform.io/hashicorp/google-beta\"]",
      "instances": [
        {
          "schema_version": 0,
          "attributes": {
            "available_maintenance_versions": [],
            "clone": [],
            "connection_name": "hallowed-oven-369407:us-central1:test-db",
            "database_version": "MYSQL_5_6",
            "deletion_protection": false,
            "encryption_key_name": null,
            "first_ip_address": "104.155.133.110",
            "id": "test-db",
            "ip_address": [
              {
                "ip_address": "104.155.133.110",
                "time_to_retire": "",
                "type": "PRIMARY"
              },
              {
                "ip_address": "10.248.0.2",
                "time_to_retire": "",
                "type": "PRIVATE"
              }
            ],
            "maintenance_version": "MYSQL_5_6_51.R20221108.00_02",
            "master_instance_name": "",
            "name": "test-db",
            "private_ip_address": "10.248.0.2",
            "project": "hallowed-oven-369407",
            "public_ip_address": "104.155.133.110",
            "region": "us-central1",
            "replica_configuration": [],
            "restore_backup_context": [],
            "root_password": null,
            "self_link": "https://sqladmin.googleapis.com/sql/v1beta4/projects/hallowed-oven-369407/instances/test-db",
            "server_ca_cert": [
              {
                "cert": "-----BEGIN CERTIFICATE-----\nMIIDfzCCAmegAwIBAgIBADANBgkqhkiG9w0BAQsFADB3MS0wKwYDVQQuEyQ2NTNl\nYWUxNS1mNmQwLTQ0NmMtYjJmNC0wMjgzNTUzYTBiNmMxIzAhBgNVBAMTGkdvb2ds\nZSBDbG91ZCBTUUwgU2VydmVyIENBMRQwEgYDVQQKEwtHb29nbGUsIEluYzELMAkG\nA1UEBhMCVVMwHhcNMjIxMjEyMTQ1MDM3WhcNMzIxMjA5MTQ1MTM3WjB3MS0wKwYD\nVQQuEyQ2NTNlYWUxNS1mNmQwLTQ0NmMtYjJmNC0wMjgzNTUzYTBiNmMxIzAhBgNV\nBAMTGkdvb2dsZSBDbG91ZCBTUUwgU2VydmVyIENBMRQwEgYDVQQKEwtHb29nbGUs\nIEluYzELMAkGA1UEBhMCVVMwggEiMA0GCSqGSIb3DQEBAQUAA4IBDwAwggEKAoIB\nAQDJyFlyr8W/JmhhXgKShJ8yX7YoJgHC8niWsURjfP87ru6byeDROekCKas0mtVs\n/oQWNHUIOro6gsDY0h6Ygv/ZzL6jfI22N1d4A0sYUVr8/ge8eIGlhWKgV/qHGryq\n0ejh2eZbvNMteOojvEMXGpJlJnhw95TwOm/vCMIK5R6TmmQRarkZrBY2D+5V0OPl\nWUWajj5JiIKa5iyfQndYGtWP9faXfg30JIYJcaKJhgdQFPAHgn9qNUGfUddgepZc\ntfv+H5tIyr7tqjutSsSrkUBFrrgKuA1yV/xTiDHfPsCL/qf3x9VLoOJEHNY8G7Ch\nJCFOTnDg5saJmDIgTZ2NfIjlAgMBAAGjFjAUMBIGA1UdEwEB/wQIMAYBAf8CAQAw\nDQYJKoZIhvcNAQELBQADggEBAAMB1+F2XrspI77VTCQvdOoQuq4zRwTzbHe+w2CN\nQ1B9C36DhAE+eXJW+XeCkw0ULhtOlKhH2H0UAVukVx+MSn3i6YiVacX0+cCInbCC\nB2gM07eCQxLZML74x3OsL2OiNKknT16O9HNbJwNULtkCUaP52nyqN3kdatEWp21E\nSsLxn6BOiqPGpE8lCMzs45tl6LPoh+UFumvC9Vzz1PzZdYGA2IEykljjNaBd+yJk\n6cLOeoKzQj/eUGad8NzMRdiKdsry9Fj4aQZJEqceur/h59sqcgf9vIzV+LrGE+RQ\nsfBYXXo6vli0G1Ic0CqRVWu16AgGqkEoKPtqoShecDqsdoU=\n-----END CERTIFICATE-----",
                "common_name": "C=US,O=Google\\, Inc,CN=Google Cloud SQL Server CA,dnQualifier=653eae15-f6d0-446c-b2f4-0283553a0b6c",
                "create_time": "2022-12-12T14:50:37.822Z",
                "expiration_time": "2032-12-09T14:51:37.822Z",
                "sha1_fingerprint": "4a481c732ac352f590db15e64dda2c7c714a3335"
              }
            ],
            "service_account_email_address": "p15368799111-5k6mnk@gcp-sa-cloud-sql.iam.gserviceaccount.com",
            "settings": [
              {
                "activation_policy": "ALWAYS",
                "active_directory_config": [],
                "availability_type": "REGIONAL",
                "backup_configuration": [
                  {
                    "backup_retention_settings": [
                      {
                        "retained_backups": 7,
                        "retention_unit": "COUNT"
                      }
                    ],
                    "binary_log_enabled": true,
                    "enabled": true,
                    "location": "",
                    "point_in_time_recovery_enabled": false,
                    "start_time": "15:00",
                    "transaction_log_retention_days": 7
                  }
                ],
                "collation": "",
                "connector_enforcement": "NOT_REQUIRED",
                "database_flags": [
                  {
                    "name": "character_set_server",
                    "value": "utf8mb4"
                  },
                  {
                    "name": "slow_query_log",
                    "value": "on"
                  }
                ],
                "deny_maintenance_period": [],
                "disk_autoresize": true,
                "disk_autoresize_limit": 0,
                "disk_size": 10,
                "disk_type": "PD_SSD",
                "insights_config": [],
                "ip_configuration": [
                  {
                    "allocated_ip_range": "",
                    "authorized_networks": [],
                    "ipv4_enabled": true,
                    "private_network": "projects/hallowed-oven-369407/global/networks/gcp-cloud-network",
                    "require_ssl": false
                  }
                ],
                "location_preference": [
                  {
                    "follow_gae_application": "",
                    "secondary_zone": "",
                    "zone": "us-central1-a"
                  }
                ],
                "maintenance_window": [
                  {
                    "day": 1,
                    "hour": 23,
                    "update_track": "canary"
                  }
                ],
                "password_validation_policy": [],
                "pricing_plan": "PER_USE",
                "sql_server_audit_config": [],
                "tier": "db-n1-standard-1",
                "time_zone": "",
                "user_labels": {
                  "environment": "development"
                },
                "version": 4
              }
            ],
            "timeouts": {
              "create": "10m",
              "delete": "10m",
              "update": "10m"
            }
          },
          "sensitive_attributes": [],
          "private": "eyJlMmJmYjczMC1lY2FhLTExZTYtOGY4OC0zNDM2M2JjN2M0YzAiOnsiY3JlYXRlIjo2MDAwMDAwMDAwMDAsImRlbGV0ZSI6NjAwMDAwMDAwMDAwLCJ1cGRhdGUiOjYwMDAwMDAwMDAwMH19",
          "dependencies": [
            "module.gcp-services.google_compute_global_address.private_ip_address",
            "module.gcp-services.google_compute_network.vpc",
            "module.gcp-services.google_service_networking_connection.private_vpc_connection",
            "module.gcp-services.null_resource.module_depends_on",
            "module.gcp-services.random_id.suffix"
          ]
        }
      ]
    },
    {
      "module": "module.gcp-services",
      "mode": "managed",
      "type": "google_sql_user",
      "name": "additional_users",
      "provider": "provider[\"registry.terraform.io/hashicorp/google\"]",
      "instances": [
        {
          "index_key": "app",
          "schema_version": 1,
          "attributes": {
            "deletion_policy": null,
            "host": "localhost",
            "id": "app/localhost/test-db",
            "instance": "test-db",
            "name": "app",
            "password": "PaSsWoRd",
            "password_policy": [],
            "project": "hallowed-oven-369407",
            "sql_server_user_details": [],
            "timeouts": null,
            "type": ""
          },
          "sensitive_attributes": [],
          "private": "eyJlMmJmYjczMC1lY2FhLTExZTYtOGY4OC0zNDM2M2JjN2M0YzAiOnsiY3JlYXRlIjo2MDAwMDAwMDAwMDAsImRlbGV0ZSI6NjAwMDAwMDAwMDAwLCJ1cGRhdGUiOjYwMDAwMDAwMDAwMH0sInNjaGVtYV92ZXJzaW9uIjoiMSJ9",
          "dependencies": [
            "module.gcp-services.google_compute_global_address.private_ip_address",
            "module.gcp-services.google_compute_network.vpc",
            "module.gcp-services.google_service_networking_connection.private_vpc_connection",
            "module.gcp-services.google_sql_database_instance.default",
            "module.gcp-services.null_resource.module_depends_on",
            "module.gcp-services.random_id.suffix",
            "module.gcp-services.random_id.user-password"
          ]
        },
        {
          "index_key": "readonly",
          "schema_version": 1,
          "attributes": {
            "deletion_policy": null,
            "host": "localhost",
            "id": "readonly/localhost/test-db",
            "instance": "test-db",
            "name": "readonly",
            "password": "PaSsWoRd",
            "password_policy": [],
            "project": "hallowed-oven-369407",
            "sql_server_user_details": [],
            "timeouts": null,
            "type": ""
          },
          "sensitive_attributes": [],
          "private": "eyJlMmJmYjczMC1lY2FhLTExZTYtOGY4OC0zNDM2M2JjN2M0YzAiOnsiY3JlYXRlIjo2MDAwMDAwMDAwMDAsImRlbGV0ZSI6NjAwMDAwMDAwMDAwLCJ1cGRhdGUiOjYwMDAwMDAwMDAwMH0sInNjaGVtYV92ZXJzaW9uIjoiMSJ9",
          "dependencies": [
            "module.gcp-services.google_compute_global_address.private_ip_address",
            "module.gcp-services.google_compute_network.vpc",
            "module.gcp-services.google_service_networking_connection.private_vpc_connection",
            "module.gcp-services.google_sql_database_instance.default",
            "module.gcp-services.null_resource.module_depends_on",
            "module.gcp-services.random_id.suffix",
            "module.gcp-services.random_id.user-password"
          ]
        }
      ]
    },
    {
      "module": "module.gcp-services",
      "mode": "managed",
      "type": "google_sql_user",
      "name": "default",
      "provider": "provider[\"registry.terraform.io/hashicorp/google\"]",
      "instances": [
        {
          "index_key": 0,
          "schema_version": 1,
          "attributes": {
            "deletion_policy": null,
            "host": "%",
            "id": "default/%/test-db",
            "instance": "test-db",
            "name": "default",
            "password": "7847607de53ff032",
            "password_policy": [],
            "project": "hallowed-oven-369407",
            "sql_server_user_details": [],
            "timeouts": null,
            "type": ""
          },
          "sensitive_attributes": [],
          "private": "eyJlMmJmYjczMC1lY2FhLTExZTYtOGY4OC0zNDM2M2JjN2M0YzAiOnsiY3JlYXRlIjo2MDAwMDAwMDAwMDAsImRlbGV0ZSI6NjAwMDAwMDAwMDAwLCJ1cGRhdGUiOjYwMDAwMDAwMDAwMH0sInNjaGVtYV92ZXJzaW9uIjoiMSJ9",
          "dependencies": [
            "module.gcp-services.google_compute_global_address.private_ip_address",
            "module.gcp-services.google_compute_network.vpc",
            "module.gcp-services.google_service_networking_connection.private_vpc_connection",
            "module.gcp-services.google_sql_database_instance.default",
            "module.gcp-services.null_resource.module_depends_on",
            "module.gcp-services.random_id.suffix",
            "module.gcp-services.random_id.user-password"
          ]
        }
      ]
    },
    {
      "module": "module.gcp-services",
      "mode": "managed",
      "type": "google_storage_bucket",
      "name": "cloud_storage_buckets",
      "provider": "provider[\"registry.terraform.io/hashicorp/google\"]",
      "instances": [
        {
          "index_key": "captain_america",
          "schema_version": 0,
          "attributes": {
            "cors": [],
            "custom_placement_config": [],
            "default_event_based_hold": false,
            "encryption": [],
            "force_destroy": false,
            "id": "captain_america",
            "labels": {},
            "lifecycle_rule": [],
            "location": "US-CENTRAL1",
            "logging": [],
            "name": "captain_america",
            "project": "hallowed-oven-369407",
            "public_access_prevention": "enforced",
            "requester_pays": false,
            "retention_policy": [],
            "self_link": "https://www.googleapis.com/storage/v1/b/captain_america",
            "storage_class": "STANDARD",
            "timeouts": null,
            "uniform_bucket_level_access": true,
            "url": "gs://captain_america",
            "versioning": [
              {
                "enabled": true
              }
            ],
            "website": []
          },
          "sensitive_attributes": [],
          "private": "eyJlMmJmYjczMC1lY2FhLTExZTYtOGY4OC0zNDM2M2JjN2M0YzAiOnsiY3JlYXRlIjoyNDAwMDAwMDAwMDAsInJlYWQiOjI0MDAwMDAwMDAwMCwidXBkYXRlIjoyNDAwMDAwMDAwMDB9fQ=="
        },
        {
          "index_key": "hulk123",
          "schema_version": 0,
          "attributes": {
            "cors": [],
            "custom_placement_config": [],
            "default_event_based_hold": false,
            "encryption": [],
            "force_destroy": false,
            "id": "hulk123",
            "labels": {},
            "lifecycle_rule": [],
            "location": "US-CENTRAL1",
            "logging": [],
            "name": "hulk123",
            "project": "hallowed-oven-369407",
            "public_access_prevention": "enforced",
            "requester_pays": false,
            "retention_policy": [],
            "self_link": "https://www.googleapis.com/storage/v1/b/hulk123",
            "storage_class": "STANDARD",
            "timeouts": null,
            "uniform_bucket_level_access": true,
            "url": "gs://hulk123",
            "versioning": [
              {
                "enabled": true
              }
            ],
            "website": []
          },
          "sensitive_attributes": [],
          "private": "eyJlMmJmYjczMC1lY2FhLTExZTYtOGY4OC0zNDM2M2JjN2M0YzAiOnsiY3JlYXRlIjoyNDAwMDAwMDAwMDAsInJlYWQiOjI0MDAwMDAwMDAwMCwidXBkYXRlIjoyNDAwMDAwMDAwMDB9fQ=="
        },
        {
          "index_key": "ironman143",
          "schema_version": 0,
          "attributes": {
            "cors": [],
            "custom_placement_config": [],
            "default_event_based_hold": false,
            "encryption": [],
            "force_destroy": false,
            "id": "ironman143",
            "labels": {},
            "lifecycle_rule": [],
            "location": "US-CENTRAL1",
            "logging": [],
            "name": "ironman143",
            "project": "hallowed-oven-369407",
            "public_access_prevention": "enforced",
            "requester_pays": false,
            "retention_policy": [],
            "self_link": "https://www.googleapis.com/storage/v1/b/ironman143",
            "storage_class": "STANDARD",
            "timeouts": null,
            "uniform_bucket_level_access": true,
            "url": "gs://ironman143",
            "versioning": [
              {
                "enabled": true
              }
            ],
            "website": []
          },
          "sensitive_attributes": [],
          "private": "eyJlMmJmYjczMC1lY2FhLTExZTYtOGY4OC0zNDM2M2JjN2M0YzAiOnsiY3JlYXRlIjoyNDAwMDAwMDAwMDAsInJlYWQiOjI0MDAwMDAwMDAwMCwidXBkYXRlIjoyNDAwMDAwMDAwMDB9fQ=="
        }
      ]
    },
    {
      "module": "module.gcp-services",
      "mode": "managed",
      "type": "null_resource",
      "name": "module_depends_on",
      "provider": "provider[\"registry.terraform.io/hashicorp/null\"]",
      "instances": [
        {
          "schema_version": 0,
          "attributes": {
            "id": "8553073425313241460",
            "triggers": {
              "value": "0"
            }
          },
          "sensitive_attributes": []
        }
      ]
    },
    {
      "module": "module.gcp-services",
      "mode": "managed",
      "type": "random_id",
      "name": "additional_passwords",
      "provider": "provider[\"registry.terraform.io/hashicorp/random\"]",
      "instances": [
        {
          "index_key": "app",
          "schema_version": 0,
          "attributes": {
            "b64_std": "kfZPPK2R+t4=",
            "b64_url": "kfZPPK2R-t4",
            "byte_length": 8,
            "dec": "10517681101799029470",
            "hex": "91f64f3cad91fade",
            "id": "kfZPPK2R-t4",
            "keepers": {
              "name": "test-db"
            },
            "prefix": null
          },
          "sensitive_attributes": [],
          "dependencies": [
            "module.gcp-services.google_compute_global_address.private_ip_address",
            "module.gcp-services.google_compute_network.vpc",
            "module.gcp-services.google_service_networking_connection.private_vpc_connection",
            "module.gcp-services.google_sql_database_instance.default",
            "module.gcp-services.null_resource.module_depends_on",
            "module.gcp-services.random_id.suffix"
          ]
        },
        {
          "index_key": "readonly",
          "schema_version": 0,
          "attributes": {
            "b64_std": "APoXeQ/jXc8=",
            "b64_url": "APoXeQ_jXc8",
            "byte_length": 8,
            "dec": "70394552902704591",
            "hex": "00fa17790fe35dcf",
            "id": "APoXeQ_jXc8",
            "keepers": {
              "name": "test-db"
            },
            "prefix": null
          },
          "sensitive_attributes": [],
          "dependencies": [
            "module.gcp-services.google_compute_global_address.private_ip_address",
            "module.gcp-services.google_compute_network.vpc",
            "module.gcp-services.google_service_networking_connection.private_vpc_connection",
            "module.gcp-services.google_sql_database_instance.default",
            "module.gcp-services.null_resource.module_depends_on",
            "module.gcp-services.random_id.suffix"
          ]
        }
      ]
    },
    {
      "module": "module.gcp-services",
      "mode": "managed",
      "type": "random_id",
      "name": "user-password",
      "provider": "provider[\"registry.terraform.io/hashicorp/random\"]",
      "instances": [
        {
          "schema_version": 0,
          "attributes": {
            "b64_std": "eEdgfeU/8DI=",
            "b64_url": "eEdgfeU_8DI",
            "byte_length": 8,
            "dec": "8667002101731160114",
            "hex": "7847607de53ff032",
            "id": "eEdgfeU_8DI",
            "keepers": {
              "name": "test-db"
            },
            "prefix": null
          },
          "sensitive_attributes": [],
          "dependencies": [
            "module.gcp-services.google_compute_global_address.private_ip_address",
            "module.gcp-services.google_compute_network.vpc",
            "module.gcp-services.google_service_networking_connection.private_vpc_connection",
            "module.gcp-services.google_sql_database_instance.default",
            "module.gcp-services.null_resource.module_depends_on",
            "module.gcp-services.random_id.suffix"
          ]
        }
      ]
    }
  ]
}
