{
  "version": 4,
  "terraform_version": "1.2.4",
  "serial": 242,
  "lineage": "2d5b27aa-d898-103e-e78b-49524f98af7d",
  "outputs": {},
  "resources": [
    {
      "mode": "managed",
      "type": "random_id",
      "name": "suffix",
      "provider": "provider[\"registry.terraform.io/hashicorp/random\"]",
      "instances": [
        {
          "schema_version": 0,
          "attributes": {
            "b64_std": "vAIJp1k=",
            "b64_url": "vAIJp1k",
            "byte_length": 5,
            "dec": "807488038745",
            "hex": "bc0209a759",
            "id": "vAIJp1k",
            "keepers": null,
            "prefix": null
          },
          "sensitive_attributes": []
        }
      ]
    },
    {
      "module": "module.mysql-db",
      "mode": "managed",
      "type": "google_compute_global_address",
      "name": "private_ip_address",
      "provider": "provider[\"registry.terraform.io/hashicorp/google-beta\"]",
      "instances": [
        {
          "schema_version": 0,
          "attributes": {
            "address": "10.95.0.0",
            "address_type": "INTERNAL",
            "creation_timestamp": "2022-12-12T06:14:15.962-08:00",
            "description": "",
            "id": "projects/hallowed-oven-369407/global/addresses/private-ip-address",
            "ip_version": "",
            "label_fingerprint": "42WmSpB8rSM=",
            "labels": null,
            "name": "private-ip-address",
            "network": "https://www.googleapis.com/compute/v1/projects/hallowed-oven-369407/global/networks/sql-network",
            "prefix_length": 16,
            "project": "hallowed-oven-369407",
            "purpose": "VPC_PEERING",
            "self_link": "https://www.googleapis.com/compute/v1/projects/hallowed-oven-369407/global/addresses/private-ip-address",
            "timeouts": null
          },
          "sensitive_attributes": [],
          "private": "eyJlMmJmYjczMC1lY2FhLTExZTYtOGY4OC0zNDM2M2JjN2M0YzAiOnsiY3JlYXRlIjoxMjAwMDAwMDAwMDAwLCJkZWxldGUiOjEyMDAwMDAwMDAwMDAsInVwZGF0ZSI6MTIwMDAwMDAwMDAwMH19",
          "dependencies": [
            "module.mysql-db.google_compute_network.private_network"
          ]
        }
      ]
    },
    {
      "module": "module.mysql-db",
      "mode": "managed",
      "type": "google_compute_network",
      "name": "private_network",
      "provider": "provider[\"registry.terraform.io/hashicorp/google-beta\"]",
      "instances": [
        {
          "schema_version": 0,
          "attributes": {
            "auto_create_subnetworks": true,
            "delete_default_routes_on_create": false,
            "description": "",
            "enable_ula_internal_ipv6": false,
            "gateway_ipv4": "",
            "id": "projects/hallowed-oven-369407/global/networks/sql-network",
            "internal_ipv6_range": "",
            "mtu": 0,
            "name": "sql-network",
            "project": "hallowed-oven-369407",
            "routing_mode": "REGIONAL",
            "self_link": "https://www.googleapis.com/compute/v1/projects/hallowed-oven-369407/global/networks/sql-network",
            "timeouts": null
          },
          "sensitive_attributes": [],
          "private": "eyJlMmJmYjczMC1lY2FhLTExZTYtOGY4OC0zNDM2M2JjN2M0YzAiOnsiY3JlYXRlIjoxMjAwMDAwMDAwMDAwLCJkZWxldGUiOjEyMDAwMDAwMDAwMDAsInVwZGF0ZSI6MTIwMDAwMDAwMDAwMH19"
        }
      ]
    },
    {
      "module": "module.mysql-db",
      "mode": "managed",
      "type": "google_service_networking_connection",
      "name": "private_vpc_connection",
      "provider": "provider[\"registry.terraform.io/hashicorp/google-beta\"]",
      "instances": [
        {
          "schema_version": 0,
          "attributes": {
            "id": "https%3A%2F%2Fwww.googleapis.com%2Fcompute%2Fv1%2Fprojects%2Fhallowed-oven-369407%2Fglobal%2Fnetworks%2Fsql-network:servicenetworking.googleapis.com",
            "network": "https://www.googleapis.com/compute/v1/projects/hallowed-oven-369407/global/networks/sql-network",
            "peering": "servicenetworking-googleapis-com",
            "reserved_peering_ranges": [
              "private-ip-address"
            ],
            "service": "servicenetworking.googleapis.com",
            "timeouts": null
          },
          "sensitive_attributes": [],
          "private": "eyJlMmJmYjczMC1lY2FhLTExZTYtOGY4OC0zNDM2M2JjN2M0YzAiOnsiY3JlYXRlIjo2MDAwMDAwMDAwMDAsImRlbGV0ZSI6NjAwMDAwMDAwMDAwLCJ1cGRhdGUiOjYwMDAwMDAwMDAwMH19",
          "dependencies": [
            "module.mysql-db.google_compute_global_address.private_ip_address",
            "module.mysql-db.google_compute_network.private_network"
          ]
        }
      ]
    },
    {
      "module": "module.mysql-db",
      "mode": "managed",
      "type": "google_sql_database",
      "name": "default",
      "provider": "provider[\"registry.terraform.io/hashicorp/google\"]",
      "instances": []
    },
    {
      "module": "module.mysql-db",
      "mode": "managed",
      "type": "google_sql_database_instance",
      "name": "default",
      "provider": "provider[\"registry.terraform.io/hashicorp/google-beta\"]",
      "instances": []
    },
    {
      "module": "module.mysql-db",
      "mode": "managed",
      "type": "google_sql_user",
      "name": "default",
      "provider": "provider[\"registry.terraform.io/hashicorp/google\"]",
      "instances": []
    },
    {
      "module": "module.mysql-db",
      "mode": "managed",
      "type": "null_resource",
      "name": "module_depends_on",
      "provider": "provider[\"registry.terraform.io/hashicorp/null\"]",
      "instances": [
        {
          "schema_version": 0,
          "attributes": {
            "id": "7722727643043126354",
            "triggers": {
              "value": "0"
            }
          },
          "sensitive_attributes": []
        }
      ]
    },
    {
      "module": "module.mysql-db",
      "mode": "managed",
      "type": "random_id",
      "name": "suffix",
      "provider": "provider[\"registry.terraform.io/hashicorp/random\"]",
      "instances": []
    },
    {
      "module": "module.mysql-db",
      "mode": "managed",
      "type": "random_id",
      "name": "user-password",
      "provider": "provider[\"registry.terraform.io/hashicorp/random\"]",
      "instances": []
    }
  ]
}
